
Microsoft Visual Studio Solution File, Format Version 12.00
# Visual Studio Version 16
VisualStudioVersion = 16.0.33328.57
MinimumVisualStudioVersion = 10.0.40219.1
Project("{9A19103F-16F7-4668-BE54-9A1E7A4F7556}") = "WebApiWeatherForecast", "WebApiWeatherForecast\WebApiWeatherForecast.csproj", "{16352A77-187C-4011-93AE-24F0EC67236B}"
EndProject
Project("{FAE04EC0-301F-11D3-BF4B-00C04F79EFBC}") = "WebApiWeatherForecastClient", "WebApiWeatherForecastClient\WebApiWeatherForecastClient.csproj", "{A3086EE2-E89B-4EF6-92D2-77B6EB5F03AF}"
EndProject
Global
	GlobalSection(SolutionConfigurationPlatforms) = preSolution
		Debug|Any CPU = Debug|Any CPU
		Release|Any CPU = Release|Any CPU
	EndGlobalSection
	GlobalSection(ProjectConfigurationPlatforms) = postSolution
		{16352A77-187C-4011-93AE-24F0EC67236B}.Debug|Any CPU.ActiveCfg = Debug|Any CPU
		{16352A77-187C-4011-93AE-24F0EC67236B}.Debug|Any CPU.Build.0 = Debug|Any CPU
		{16352A77-187C-4011-93AE-24F0EC67236B}.Release|Any CPU.ActiveCfg = Release|Any CPU
		{16352A77-187C-4011-93AE-24F0EC67236B}.Release|Any CPU.Build.0 = Release|Any CPU
		{A3086EE2-E89B-4EF6-92D2-77B6EB5F03AF}.Debug|Any CPU.ActiveCfg = Debug|Any CPU
		{A3086EE2-E89B-4EF6-92D2-77B6EB5F03AF}.Debug|Any CPU.Build.0 = Debug|Any CPU
		{A3086EE2-E89B-4EF6-92D2-77B6EB5F03AF}.Release|Any CPU.ActiveCfg = Release|Any CPU
		{A3086EE2-E89B-4EF6-92D2-77B6EB5F03AF}.Release|Any CPU.Build.0 = Release|Any CPU
	EndGlobalSection
	GlobalSection(SolutionProperties) = preSolution
		HideSolutionNode = FALSE
	EndGlobalSection
	GlobalSection(ExtensibilityGlobals) = postSolution
		SolutionGuid = {EE9DB667-E66F-419A-9713-2E0160BDBC1E}
	EndGlobalSection
EndGlobal
